
Microsoft Visual Studio Solution File, Format Version 12.00
# Visual Studio 15
VisualStudioVersion = 15.0.26228.9
MinimumVisualStudioVersion = 10.0.40219.1
Project("{2150E333-8FDC-42A3-9474-1A3956D46DE8}") = "Solution Items", "Solution Items", "{526013D7-92D0-4BF2-99A7-A8C45848103F}"
	ProjectSection(SolutionItems) = preProject
		.gitattributes = .gitattributes
		.gitignore = .gitignore
		LICENSE = LICENSE
		README.md = README.md
	EndProjectSection
EndProject
Project("{FAE04EC0-301F-11D3-BF4B-00C04F79EFBC}") = "Moip.Net4", "Moip.Net4\Moip.Net4.csproj", "{D98CD739-7F72-4BFF-BD55-5507CE490863}"
EndProject
Project("{FAE04EC0-301F-11D3-BF4B-00C04F79EFBC}") = "Moip.Net4.Tests", "Moip.Net4.Tests\Moip.Net4.Tests.csproj", "{10797B09-1769-47C9-8695-AEE31504AD01}"
EndProject
Global
	GlobalSection(SolutionConfigurationPlatforms) = preSolution
		Debug|Any CPU = Debug|Any CPU
		Release|Any CPU = Release|Any CPU
	EndGlobalSection
	GlobalSection(ProjectConfigurationPlatforms) = postSolution
		{D98CD739-7F72-4BFF-BD55-5507CE490863}.Debug|Any CPU.ActiveCfg = Debug|Any CPU
		{D98CD739-7F72-4BFF-BD55-5507CE490863}.Debug|Any CPU.Build.0 = Debug|Any CPU
		{D98CD739-7F72-4BFF-BD55-5507CE490863}.Release|Any CPU.ActiveCfg = Release|Any CPU
		{D98CD739-7F72-4BFF-BD55-5507CE490863}.Release|Any CPU.Build.0 = Release|Any CPU
		{10797B09-1769-47C9-8695-AEE31504AD01}.Debug|Any CPU.ActiveCfg = Debug|Any CPU
		{10797B09-1769-47C9-8695-AEE31504AD01}.Debug|Any CPU.Build.0 = Debug|Any CPU
		{10797B09-1769-47C9-8695-AEE31504AD01}.Release|Any CPU.ActiveCfg = Release|Any CPU
		{10797B09-1769-47C9-8695-AEE31504AD01}.Release|Any CPU.Build.0 = Release|Any CPU
	EndGlobalSection
	GlobalSection(SolutionProperties) = preSolution
		HideSolutionNode = FALSE
	EndGlobalSection
EndGlobal
